
Microsoft Visual Studio Solution File, Format Version 12.00
# Visual Studio Version 17
VisualStudioVersion = 17.0.31903.59
MinimumVisualStudioVersion = 10.0.40219.1
Project("{2150E333-8FDC-42A3-9474-1A3956D46DE8}") = "SimpleFTP", "SimpleFTP", "{AE80A467-6A75-4788-8808-8B5BBD758344}"
EndProject
Project("{FAE04EC0-301F-11D3-BF4B-00C04F79EFBC}") = "FtpClient", "SimpleFTP\FtpClient\FtpClient.csproj", "{71A6C57B-8D18-4561-B531-D771DFD4C28B}"
EndProject
Project("{FAE04EC0-301F-11D3-BF4B-00C04F79EFBC}") = "FtpServer", "SimpleFTP\FtpServer\FtpServer.csproj", "{74BAF3CC-045E-4E1E-BB39-03B3CD36E032}"
EndProject
Global
	GlobalSection(SolutionConfigurationPlatforms) = preSolution
		Debug|Any CPU = Debug|Any CPU
		Release|Any CPU = Release|Any CPU
	EndGlobalSection
	GlobalSection(SolutionProperties) = preSolution
		HideSolutionNode = FALSE
	EndGlobalSection
	GlobalSection(ProjectConfigurationPlatforms) = postSolution
		{71A6C57B-8D18-4561-B531-D771DFD4C28B}.Debug|Any CPU.ActiveCfg = Debug|Any CPU
		{71A6C57B-8D18-4561-B531-D771DFD4C28B}.Debug|Any CPU.Build.0 = Debug|Any CPU
		{71A6C57B-8D18-4561-B531-D771DFD4C28B}.Release|Any CPU.ActiveCfg = Release|Any CPU
		{71A6C57B-8D18-4561-B531-D771DFD4C28B}.Release|Any CPU.Build.0 = Release|Any CPU
		{74BAF3CC-045E-4E1E-BB39-03B3CD36E032}.Debug|Any CPU.ActiveCfg = Debug|Any CPU
		{74BAF3CC-045E-4E1E-BB39-03B3CD36E032}.Debug|Any CPU.Build.0 = Debug|Any CPU
		{74BAF3CC-045E-4E1E-BB39-03B3CD36E032}.Release|Any CPU.ActiveCfg = Release|Any CPU
		{74BAF3CC-045E-4E1E-BB39-03B3CD36E032}.Release|Any CPU.Build.0 = Release|Any CPU
	EndGlobalSection
	GlobalSection(NestedProjects) = preSolution
		{71A6C57B-8D18-4561-B531-D771DFD4C28B} = {AE80A467-6A75-4788-8808-8B5BBD758344}
		{74BAF3CC-045E-4E1E-BB39-03B3CD36E032} = {AE80A467-6A75-4788-8808-8B5BBD758344}
	EndGlobalSection
EndGlobal
